
Microsoft Visual Studio Solution File, Format Version 12.00
# Visual Studio Version 17
VisualStudioVersion = 17.11.35312.102
MinimumVisualStudioVersion = 10.0.40219.1
Project("{FAE04EC0-301F-11D3-BF4B-00C04F79EFBC}") = "Лабораторная работа 2.23", "Лабораторная работа 2.23\Лабораторная работа 2.23.csproj", "{A18B12D6-88DC-4E26-BA03-82C2A92E6773}"
EndProject
Global
	GlobalSection(SolutionConfigurationPlatforms) = preSolution
		Debug|Any CPU = Debug|Any CPU
		Release|Any CPU = Release|Any CPU
	EndGlobalSection
	GlobalSection(ProjectConfigurationPlatforms) = postSolution
		{A18B12D6-88DC-4E26-BA03-82C2A92E6773}.Debug|Any CPU.ActiveCfg = Debug|Any CPU
		{A18B12D6-88DC-4E26-BA03-82C2A92E6773}.Debug|Any CPU.Build.0 = Debug|Any CPU
		{A18B12D6-88DC-4E26-BA03-82C2A92E6773}.Release|Any CPU.ActiveCfg = Release|Any CPU
		{A18B12D6-88DC-4E26-BA03-82C2A92E6773}.Release|Any CPU.Build.0 = Release|Any CPU
	EndGlobalSection
	GlobalSection(SolutionProperties) = preSolution
		HideSolutionNode = FALSE
	EndGlobalSection
	GlobalSection(ExtensibilityGlobals) = postSolution
		SolutionGuid = {0AAFA21E-1CFE-4BA7-97F5-B3ABCE676EB7}
	EndGlobalSection
EndGlobal
